// !$*UTF8*$!
{
	archiveVersion = 1;
	classes = {
	};
	objectVersion = 56;
	objects = {

/* Begin PBXBuildFile section */
		2C4D524C299F750000638472 /* ButtonView.swift in Sources */ = {isa = PBXBuildFile; fileRef = 2C4D524B299F750000638472 /* ButtonView.swift */; };
		2C4D524E299F7A0800638472 /* SondaggioUIView.swift in Sources */ = {isa = PBXBuildFile; fileRef = 2C4D524D299F7A0800638472 /* SondaggioUIView.swift */; };
		2C6CC73D299A762E0093DEC5 /* BiolystApp.swift in Sources */ = {isa = PBXBuildFile; fileRef = 2C6CC73C299A762E0093DEC5 /* BiolystApp.swift */; };
		2C6CC73F299A762E0093DEC5 /* ContentView.swift in Sources */ = {isa = PBXBuildFile; fileRef = 2C6CC73E299A762E0093DEC5 /* ContentView.swift */; };
		2C6CC741299A76300093DEC5 /* Assets.xcassets in Resources */ = {isa = PBXBuildFile; fileRef = 2C6CC740299A76300093DEC5 /* Assets.xcassets */; };
		2C6CC744299A76300093DEC5 /* Preview Assets.xcassets in Resources */ = {isa = PBXBuildFile; fileRef = 2C6CC743299A76300093DEC5 /* Preview Assets.xcassets */; };
		2C6CC74B299A76860093DEC5 /* MainView.swift in Sources */ = {isa = PBXBuildFile; fileRef = 2C6CC74A299A76860093DEC5 /* MainView.swift */; };
		2C714231299FB95200537A9B /* SOverflowExample.swift in Sources */ = {isa = PBXBuildFile; fileRef = 2C714230299FB95200537A9B /* SOverflowExample.swift */; };
		2C714234299FBFB600537A9B /* ACarousel in Frameworks */ = {isa = PBXBuildFile; productRef = 2C714233299FBFB600537A9B /* ACarousel */; };
		2C714236299FC81000537A9B /* ListChecks.swift in Sources */ = {isa = PBXBuildFile; fileRef = 2C714235299FC81000537A9B /* ListChecks.swift */; };
		66987FC5299FE32A0073CCE4 /* Start1View.swift in Sources */ = {isa = PBXBuildFile; fileRef = 66987FC4299FE32A0073CCE4 /* Start1View.swift */; };
		66A42D72299EAA7900DA9AF5 /* StartView.swift in Sources */ = {isa = PBXBuildFile; fileRef = 66A42D71299EAA7900DA9AF5 /* StartView.swift */; };
		87B28B8029A36D9700347148 /* provapicker.swift in Sources */ = {isa = PBXBuildFile; fileRef = 87B28B7F29A36D9700347148 /* provapicker.swift */; };
/* End PBXBuildFile section */

/* Begin PBXFileReference section */
		2C4D524B299F750000638472 /* ButtonView.swift */ = {isa = PBXFileReference; lastKnownFileType = sourcecode.swift; path = ButtonView.swift; sourceTree = "<group>"; };
		2C4D524D299F7A0800638472 /* SondaggioUIView.swift */ = {isa = PBXFileReference; lastKnownFileType = sourcecode.swift; path = SondaggioUIView.swift; sourceTree = "<group>"; };
		2C6CC739299A762E0093DEC5 /* Biolyst.app */ = {isa = PBXFileReference; explicitFileType = wrapper.application; includeInIndex = 0; path = Biolyst.app; sourceTree = BUILT_PRODUCTS_DIR; };
		2C6CC73C299A762E0093DEC5 /* BiolystApp.swift */ = {isa = PBXFileReference; lastKnownFileType = sourcecode.swift; path = BiolystApp.swift; sourceTree = "<group>"; };
		2C6CC73E299A762E0093DEC5 /* ContentView.swift */ = {isa = PBXFileReference; lastKnownFileType = sourcecode.swift; path = ContentView.swift; sourceTree = "<group>"; };
		2C6CC740299A76300093DEC5 /* Assets.xcassets */ = {isa = PBXFileReference; lastKnownFileType = folder.assetcatalog; path = Assets.xcassets; sourceTree = "<group>"; };
		2C6CC743299A76300093DEC5 /* Preview Assets.xcassets */ = {isa = PBXFileReference; lastKnownFileType = folder.assetcatalog; path = "Preview Assets.xcassets"; sourceTree = "<group>"; };
		2C6CC74A299A76860093DEC5 /* MainView.swift */ = {isa = PBXFileReference; lastKnownFileType = sourcecode.swift; path = MainView.swift; sourceTree = "<group>"; };
		2C714230299FB95200537A9B /* SOverflowExample.swift */ = {isa = PBXFileReference; lastKnownFileType = sourcecode.swift; path = SOverflowExample.swift; sourceTree = "<group>"; };
		2C714235299FC81000537A9B /* ListChecks.swift */ = {isa = PBXFileReference; lastKnownFileType = sourcecode.swift; path = ListChecks.swift; sourceTree = "<group>"; };
		66987FC4299FE32A0073CCE4 /* Start1View.swift */ = {isa = PBXFileReference; lastKnownFileType = sourcecode.swift; path = Start1View.swift; sourceTree = "<group>"; };
		66A42D71299EAA7900DA9AF5 /* StartView.swift */ = {isa = PBXFileReference; lastKnownFileType = sourcecode.swift; path = StartView.swift; sourceTree = "<group>"; };
		87B28B7F29A36D9700347148 /* provapicker.swift */ = {isa = PBXFileReference; lastKnownFileType = sourcecode.swift; path = provapicker.swift; sourceTree = "<group>"; };
/* End PBXFileReference section */

/* Begin PBXFrameworksBuildPhase section */
		2C6CC736299A762E0093DEC5 /* Frameworks */ = {
			isa = PBXFrameworksBuildPhase;
			buildActionMask = 2147483647;
			files = (
				2C714234299FBFB600537A9B /* ACarousel in Frameworks */,
			);
			runOnlyForDeploymentPostprocessing = 0;
		};
/* End PBXFrameworksBuildPhase section */

/* Begin PBXGroup section */
		2C6CC730299A762E0093DEC5 = {
			isa = PBXGroup;
			children = (
				2C6CC73B299A762E0093DEC5 /* Biolyst */,
				2C6CC73A299A762E0093DEC5 /* Products */,
			);
			sourceTree = "<group>";
		};
		2C6CC73A299A762E0093DEC5 /* Products */ = {
			isa = PBXGroup;
			children = (
				2C6CC739299A762E0093DEC5 /* Biolyst.app */,
			);
			name = Products;
			sourceTree = "<group>";
		};
		2C6CC73B299A762E0093DEC5 /* Biolyst */ = {
			isa = PBXGroup;
			children = (
				2C6CC73C299A762E0093DEC5 /* BiolystApp.swift */,
				2C6CC73E299A762E0093DEC5 /* ContentView.swift */,
				2C6CC74A299A76860093DEC5 /* MainView.swift */,
				87B28B7F29A36D9700347148 /* provapicker.swift */,
				66A42D71299EAA7900DA9AF5 /* StartView.swift */,
				66987FC4299FE32A0073CCE4 /* Start1View.swift */,
				2C4D524D299F7A0800638472 /* SondaggioUIView.swift */,
				2C714235299FC81000537A9B /* ListChecks.swift */,
				2C714230299FB95200537A9B /* SOverflowExample.swift */,
				2C4D524B299F750000638472 /* ButtonView.swift */,
				2C6CC740299A76300093DEC5 /* Assets.xcassets */,
				2C6CC742299A76300093DEC5 /* Preview Content */,
			);
			path = Biolyst;
			sourceTree = "<group>";
		};
		2C6CC742299A76300093DEC5 /* Preview Content */ = {
			isa = PBXGroup;
			children = (
				2C6CC743299A76300093DEC5 /* Preview Assets.xcassets */,
			);
			path = "Preview Content";
			sourceTree = "<group>";
		};
/* End PBXGroup section */

/* Begin PBXNativeTarget section */
		2C6CC738299A762E0093DEC5 /* Biolyst */ = {
			isa = PBXNativeTarget;
			buildConfigurationList = 2C6CC747299A76300093DEC5 /* Build configuration list for PBXNativeTarget "Biolyst" */;
			buildPhases = (
				2C6CC735299A762E0093DEC5 /* Sources */,
				2C6CC736299A762E0093DEC5 /* Frameworks */,
				2C6CC737299A762E0093DEC5 /* Resources */,
			);
			buildRules = (
			);
			dependencies = (
			);
			name = Biolyst;
			packageProductDependencies = (
				2C714233299FBFB600537A9B /* ACarousel */,
			);
			productName = Biolyst;
			productReference = 2C6CC739299A762E0093DEC5 /* Biolyst.app */;
			productType = "com.apple.product-type.application";
		};
/* End PBXNativeTarget section */

/* Begin PBXProject section */
		2C6CC731299A762E0093DEC5 /* Project object */ = {
			isa = PBXProject;
			attributes = {
				BuildIndependentTargetsInParallel = 1;
				LastSwiftUpdateCheck = 1420;
				LastUpgradeCheck = 1420;
				TargetAttributes = {
					2C6CC738299A762E0093DEC5 = {
						CreatedOnToolsVersion = 14.2;
					};
				};
			};
			buildConfigurationList = 2C6CC734299A762E0093DEC5 /* Build configuration list for PBXProject "Biolyst" */;
			compatibilityVersion = "Xcode 14.0";
			developmentRegion = en;
			hasScannedForEncodings = 0;
			knownRegions = (
				en,
				Base,
			);
			mainGroup = 2C6CC730299A762E0093DEC5;
			packageReferences = (
				2C714232299FBFB600537A9B /* XCRemoteSwiftPackageReference "ACarousel" */,
			);
			productRefGroup = 2C6CC73A299A762E0093DEC5 /* Products */;
			projectDirPath = "";
			projectRoot = "";
			targets = (
				2C6CC738299A762E0093DEC5 /* Biolyst */,
			);
		};
/* End PBXProject section */

/* Begin PBXResourcesBuildPhase section */
		2C6CC737299A762E0093DEC5 /* Resources */ = {
			isa = PBXResourcesBuildPhase;
			buildActionMask = 2147483647;
			files = (
				2C6CC744299A76300093DEC5 /* Preview Assets.xcassets in Resources */,
				2C6CC741299A76300093DEC5 /* Assets.xcassets in Resources */,
			);
			runOnlyForDeploymentPostprocessing = 0;
		};
/* End PBXResourcesBuildPhase section */

/* Begin PBXSourcesBuildPhase section */
		2C6CC735299A762E0093DEC5 /* Sources */ = {
			isa = PBXSourcesBuildPhase;
			buildActionMask = 2147483647;
			files = (
				2C714236299FC81000537A9B /* ListChecks.swift in Sources */,
				2C6CC73F299A762E0093DEC5 /* ContentView.swift in Sources */,
				2C6CC74B299A76860093DEC5 /* MainView.swift in Sources */,
				2C714231299FB95200537A9B /* SOverflowExample.swift in Sources */,
				66987FC5299FE32A0073CCE4 /* Start1View.swift in Sources */,
				2C4D524C299F750000638472 /* ButtonView.swift in Sources */,
				2C6CC73D299A762E0093DEC5 /* BiolystApp.swift in Sources */,
				2C4D524E299F7A0800638472 /* SondaggioUIView.swift in Sources */,
				87B28B8029A36D9700347148 /* provapicker.swift in Sources */,
				66A42D72299EAA7900DA9AF5 /* StartView.swift in Sources */,
			);
			runOnlyForDeploymentPostprocessing = 0;
		};
/* End PBXSourcesBuildPhase section */

/* Begin XCBuildConfiguration section */
		2C6CC745299A76300093DEC5 /* Debug */ = {
			isa = XCBuildConfiguration;
			buildSettings = {
				ALWAYS_SEARCH_USER_PATHS = NO;
				CLANG_ANALYZER_NONNULL = YES;
				CLANG_ANALYZER_NUMBER_OBJECT_CONVERSION = YES_AGGRESSIVE;
				CLANG_CXX_LANGUAGE_STANDARD = "gnu++20";
				CLANG_ENABLE_MODULES = YES;
				CLANG_ENABLE_OBJC_ARC = YES;
				CLANG_ENABLE_OBJC_WEAK = YES;
				CLANG_WARN_BLOCK_CAPTURE_AUTORELEASING = YES;
				CLANG_WARN_BOOL_CONVERSION = YES;
				CLANG_WARN_COMMA = YES;
				CLANG_WARN_CONSTANT_CONVERSION = YES;
				CLANG_WARN_DEPRECATED_OBJC_IMPLEMENTATIONS = YES;
				CLANG_WARN_DIRECT_OBJC_ISA_USAGE = YES_ERROR;
				CLANG_WARN_DOCUMENTATION_COMMENTS = YES;
				CLANG_WARN_EMPTY_BODY = YES;
				CLANG_WARN_ENUM_CONVERSION = YES;
				CLANG_WARN_INFINITE_RECURSION = YES;
				CLANG_WARN_INT_CONVERSION = YES;
				CLANG_WARN_NON_LITERAL_NULL_CONVERSION = YES;
				CLANG_WARN_OBJC_IMPLICIT_RETAIN_SELF = YES;
				CLANG_WARN_OBJC_LITERAL_CONVERSION = YES;
				CLANG_WARN_OBJC_ROOT_CLASS = YES_ERROR;
				CLANG_WARN_QUOTED_INCLUDE_IN_FRAMEWORK_HEADER = YES;
				CLANG_WARN_RANGE_LOOP_ANALYSIS = YES;
				CLANG_WARN_STRICT_PROTOTYPES = YES;
				CLANG_WARN_SUSPICIOUS_MOVE = YES;
				CLANG_WARN_UNGUARDED_AVAILABILITY = YES_AGGRESSIVE;
				CLANG_WARN_UNREACHABLE_CODE = YES;
				CLANG_WARN__DUPLICATE_METHOD_MATCH = YES;
				COPY_PHASE_STRIP = NO;
				DEBUG_INFORMATION_FORMAT = dwarf;
				ENABLE_STRICT_OBJC_MSGSEND = YES;
				ENABLE_TESTABILITY = YES;
				GCC_C_LANGUAGE_STANDARD = gnu11;
				GCC_DYNAMIC_NO_PIC = NO;
				GCC_NO_COMMON_BLOCKS = YES;
				GCC_OPTIMIZATION_LEVEL = 0;
				GCC_PREPROCESSOR_DEFINITIONS = (
					"DEBUG=1",
					"$(inherited)",
				);
				GCC_WARN_64_TO_32_BIT_CONVERSION = YES;
				GCC_WARN_ABOUT_RETURN_TYPE = YES_ERROR;
				GCC_WARN_UNDECLARED_SELECTOR = YES;
				GCC_WARN_UNINITIALIZED_AUTOS = YES_AGGRESSIVE;
				GCC_WARN_UNUSED_FUNCTION = YES;
				GCC_WARN_UNUSED_VARIABLE = YES;
				IPHONEOS_DEPLOYMENT_TARGET = 16.2;
				MTL_ENABLE_DEBUG_INFO = INCLUDE_SOURCE;
				MTL_FAST_MATH = YES;
				ONLY_ACTIVE_ARCH = YES;
				SDKROOT = iphoneos;
				SWIFT_ACTIVE_COMPILATION_CONDITIONS = DEBUG;
				SWIFT_OPTIMIZATION_LEVEL = "-Onone";
			};
			name = Debug;
		};
		2C6CC746299A76300093DEC5 /* Release */ = {
			isa = XCBuildConfiguration;
			buildSettings = {
				ALWAYS_SEARCH_USER_PATHS = NO;
				CLANG_ANALYZER_NONNULL = YES;
				CLANG_ANALYZER_NUMBER_OBJECT_CONVERSION = YES_AGGRESSIVE;
				CLANG_CXX_LANGUAGE_STANDARD = "gnu++20";
				CLANG_ENABLE_MODULES = YES;
				CLANG_ENABLE_OBJC_ARC = YES;
				CLANG_ENABLE_OBJC_WEAK = YES;
				CLANG_WARN_BLOCK_CAPTURE_AUTORELEASING = YES;
				CLANG_WARN_BOOL_CONVERSION = YES;
				CLANG_WARN_COMMA = YES;
				CLANG_WARN_CONSTANT_CONVERSION = YES;
				CLANG_WARN_DEPRECATED_OBJC_IMPLEMENTATIONS = YES;
				CLANG_WARN_DIRECT_OBJC_ISA_USAGE = YES_ERROR;
				CLANG_WARN_DOCUMENTATION_COMMENTS = YES;
				CLANG_WARN_EMPTY_BODY = YES;
				CLANG_WARN_ENUM_CONVERSION = YES;
				CLANG_WARN_INFINITE_RECURSION = YES;
				CLANG_WARN_INT_CONVERSION = YES;
				CLANG_WARN_NON_LITERAL_NULL_CONVERSION = YES;
				CLANG_WARN_OBJC_IMPLICIT_RETAIN_SELF = YES;
				CLANG_WARN_OBJC_LITERAL_CONVERSION = YES;
				CLANG_WARN_OBJC_ROOT_CLASS = YES_ERROR;
				CLANG_WARN_QUOTED_INCLUDE_IN_FRAMEWORK_HEADER = YES;
				CLANG_WARN_RANGE_LOOP_ANALYSIS = YES;
				CLANG_WARN_STRICT_PROTOTYPES = YES;
				CLANG_WARN_SUSPICIOUS_MOVE = YES;
				CLANG_WARN_UNGUARDED_AVAILABILITY = YES_AGGRESSIVE;
				CLANG_WARN_UNREACHABLE_CODE = YES;
				CLANG_WARN__DUPLICATE_METHOD_MATCH = YES;
				COPY_PHASE_STRIP = NO;
				DEBUG_INFORMATION_FORMAT = "dwarf-with-dsym";
				ENABLE_NS_ASSERTIONS = NO;
				ENABLE_STRICT_OBJC_MSGSEND = YES;
				GCC_C_LANGUAGE_STANDARD = gnu11;
				GCC_NO_COMMON_BLOCKS = YES;
				GCC_WARN_64_TO_32_BIT_CONVERSION = YES;
				GCC_WARN_ABOUT_RETURN_TYPE = YES_ERROR;
				GCC_WARN_UNDECLARED_SELECTOR = YES;
				GCC_WARN_UNINITIALIZED_AUTOS = YES_AGGRESSIVE;
				GCC_WARN_UNUSED_FUNCTION = YES;
				GCC_WARN_UNUSED_VARIABLE = YES;
				IPHONEOS_DEPLOYMENT_TARGET = 16.2;
				MTL_ENABLE_DEBUG_INFO = NO;
				MTL_FAST_MATH = YES;
				SDKROOT = iphoneos;
				SWIFT_COMPILATION_MODE = wholemodule;
				SWIFT_OPTIMIZATION_LEVEL = "-O";
				VALIDATE_PRODUCT = YES;
			};
			name = Release;
		};
		2C6CC748299A76300093DEC5 /* Debug */ = {
			isa = XCBuildConfiguration;
			buildSettings = {
				ASSETCATALOG_COMPILER_APPICON_NAME = AppIcon;
				ASSETCATALOG_COMPILER_GLOBAL_ACCENT_COLOR_NAME = AccentColor;
				CODE_SIGN_STYLE = Automatic;
				CURRENT_PROJECT_VERSION = 1;
				DEVELOPMENT_ASSET_PATHS = "\"Biolyst/Preview Content\"";
				ENABLE_PREVIEWS = YES;
				GENERATE_INFOPLIST_FILE = YES;
				INFOPLIST_KEY_UIApplicationSceneManifest_Generation = YES;
				INFOPLIST_KEY_UIApplicationSupportsIndirectInputEvents = YES;
				INFOPLIST_KEY_UILaunchScreen_Generation = YES;
				INFOPLIST_KEY_UISupportedInterfaceOrientations_iPad = "UIInterfaceOrientationPortrait UIInterfaceOrientationPortraitUpsideDown UIInterfaceOrientationLandscapeLeft UIInterfaceOrientationLandscapeRight";
				INFOPLIST_KEY_UISupportedInterfaceOrientations_iPhone = "UIInterfaceOrientationPortrait UIInterfaceOrientationLandscapeLeft UIInterfaceOrientationLandscapeRight";
				LD_RUNPATH_SEARCH_PATHS = (
					"$(inherited)",
					"@executable_path/Frameworks",
				);
				MARKETING_VERSION = 1.0;
				PRODUCT_BUNDLE_IDENTIFIER = Anorg.Biolyst;
				PRODUCT_NAME = "$(TARGET_NAME)";
				SWIFT_EMIT_LOC_STRINGS = YES;
				SWIFT_VERSION = 5.0;
				TARGETED_DEVICE_FAMILY = "1,2";
			};
			name = Debug;
		};
		2C6CC749299A76300093DEC5 /* Release */ = {
			isa = XCBuildConfiguration;
			buildSettings = {
				ASSETCATALOG_COMPILER_APPICON_NAME = AppIcon;
				ASSETCATALOG_COMPILER_GLOBAL_ACCENT_COLOR_NAME = AccentColor;
				CODE_SIGN_STYLE = Automatic;
				CURRENT_PROJECT_VERSION = 1;
				DEVELOPMENT_ASSET_PATHS = "\"Biolyst/Preview Content\"";
				ENABLE_PREVIEWS = YES;
				GENERATE_INFOPLIST_FILE = YES;
				INFOPLIST_KEY_UIApplicationSceneManifest_Generation = YES;
				INFOPLIST_KEY_UIApplicationSupportsIndirectInputEvents = YES;
				INFOPLIST_KEY_UILaunchScreen_Generation = YES;
				INFOPLIST_KEY_UISupportedInterfaceOrientations_iPad = "UIInterfaceOrientationPortrait UIInterfaceOrientationPortraitUpsideDown UIInterfaceOrientationLandscapeLeft UIInterfaceOrientationLandscapeRight";
				INFOPLIST_KEY_UISupportedInterfaceOrientations_iPhone = "UIInterfaceOrientationPortrait UIInterfaceOrientationLandscapeLeft UIInterfaceOrientationLandscapeRight";
				LD_RUNPATH_SEARCH_PATHS = (
					"$(inherited)",
					"@executable_path/Frameworks",
				);
				MARKETING_VERSION = 1.0;
				PRODUCT_BUNDLE_IDENTIFIER = Anorg.Biolyst;
				PRODUCT_NAME = "$(TARGET_NAME)";
				SWIFT_EMIT_LOC_STRINGS = YES;
				SWIFT_VERSION = 5.0;
				TARGETED_DEVICE_FAMILY = "1,2";
			};
			name = Release;
		};
/* End XCBuildConfiguration section */

/* Begin XCConfigurationList section */
		2C6CC734299A762E0093DEC5 /* Build configuration list for PBXProject "Biolyst" */ = {
			isa = XCConfigurationList;
			buildConfigurations = (
				2C6CC745299A76300093DEC5 /* Debug */,
				2C6CC746299A76300093DEC5 /* Release */,
			);
			defaultConfigurationIsVisible = 0;
			defaultConfigurationName = Release;
		};
		2C6CC747299A76300093DEC5 /* Build configuration list for PBXNativeTarget "Biolyst" */ = {
			isa = XCConfigurationList;
			buildConfigurations = (
				2C6CC748299A76300093DEC5 /* Debug */,
				2C6CC749299A76300093DEC5 /* Release */,
			);
			defaultConfigurationIsVisible = 0;
			defaultConfigurationName = Release;
		};
/* End XCConfigurationList section */

/* Begin XCRemoteSwiftPackageReference section */
		2C714232299FBFB600537A9B /* XCRemoteSwiftPackageReference "ACarousel" */ = {
			isa = XCRemoteSwiftPackageReference;
			repositoryURL = "https://github.com/JWAutumn/ACarousel";
			requirement = {
				kind = upToNextMajorVersion;
				minimumVersion = 0.2.0;
			};
		};
/* End XCRemoteSwiftPackageReference section */

/* Begin XCSwiftPackageProductDependency section */
		2C714233299FBFB600537A9B /* ACarousel */ = {
			isa = XCSwiftPackageProductDependency;
			package = 2C714232299FBFB600537A9B /* XCRemoteSwiftPackageReference "ACarousel" */;
			productName = ACarousel;
		};
/* End XCSwiftPackageProductDependency section */
	};
	rootObject = 2C6CC731299A762E0093DEC5 /* Project object */;
}
